
Microsoft Visual Studio Solution File, Format Version 12.00
# Visual Studio 15
VisualStudioVersion = 15.0.27428.2002
MinimumVisualStudioVersion = 10.0.40219.1
Project("{F184B08F-C81C-45F6-A57F-5ABD9991F28F}") = "01-DateTime-VB", "01-DateTime-VB\01-DateTime-VB.vbproj", "{AB277B75-5710-47E6-8183-FBF3CD3CE811}"
EndProject
Global
	GlobalSection(SolutionConfigurationPlatforms) = preSolution
		Debug|Any CPU = Debug|Any CPU
		Release|Any CPU = Release|Any CPU
	EndGlobalSection
	GlobalSection(ProjectConfigurationPlatforms) = postSolution
		{AB277B75-5710-47E6-8183-FBF3CD3CE811}.Debug|Any CPU.ActiveCfg = Debug|Any CPU
		{AB277B75-5710-47E6-8183-FBF3CD3CE811}.Debug|Any CPU.Build.0 = Debug|Any CPU
		{AB277B75-5710-47E6-8183-FBF3CD3CE811}.Release|Any CPU.ActiveCfg = Release|Any CPU
		{AB277B75-5710-47E6-8183-FBF3CD3CE811}.Release|Any CPU.Build.0 = Release|Any CPU
	EndGlobalSection
	GlobalSection(SolutionProperties) = preSolution
		HideSolutionNode = FALSE
	EndGlobalSection
	GlobalSection(ExtensibilityGlobals) = postSolution
		SolutionGuid = {BFAA7CE7-CCC2-4B0E-8974-0207E4608371}
	EndGlobalSection
EndGlobal
